// !$*UTF8*$!
{
	archiveVersion = 1;
	classes = {
	};
	objectVersion = 46;
	objects = {

/* Begin PBXBuildFile section */
		D8125B2F1E35E3BA00FE210A /* QMUIEmptyView.swift in Sources */ = {isa = PBXBuildFile; fileRef = D8125B2E1E35E3BA00FE210A /* QMUIEmptyView.swift */; };
		D8125B311E35ECD600FE210A /* QMUINavigationController.swift in Sources */ = {isa = PBXBuildFile; fileRef = D8125B301E35ECD600FE210A /* QMUINavigationController.swift */; };
		D812CF221E9F05EE00066344 /* NSMutableParagraphStyle+QMUI.swift in Sources */ = {isa = PBXBuildFile; fileRef = D812CF211E9F05EE00066344 /* NSMutableParagraphStyle+QMUI.swift */; };
		D812CF7F1E9FB07C00066344 /* String+QMUI.swift in Sources */ = {isa = PBXBuildFile; fileRef = D812CF7E1E9FB07C00066344 /* String+QMUI.swift */; };
		D814B2661E9D121D0000B60C /* UIActivityIndicatorView+QMUI.swift in Sources */ = {isa = PBXBuildFile; fileRef = D814B2651E9D121D0000B60C /* UIActivityIndicatorView+QMUI.swift */; };
		D814B29D1E9E681E0000B60C /* UIControl+QMUI.swift in Sources */ = {isa = PBXBuildFile; fileRef = D814B29C1E9E681E0000B60C /* UIControl+QMUI.swift */; };
		D8198B201E81605B00AC98DB /* UIViewController+QMUI.swift in Sources */ = {isa = PBXBuildFile; fileRef = D8198B1F1E81605B00AC98DB /* UIViewController+QMUI.swift */; };
		D81E69EC1E7BBB3100C23129 /* UITableView+QMUI.swift in Sources */ = {isa = PBXBuildFile; fileRef = D81E69EB1E7BBB3100C23129 /* UITableView+QMUI.swift */; };
		D81E69EE1E7BBDAC00C23129 /* UIScrollView+QMUI.swift in Sources */ = {isa = PBXBuildFile; fileRef = D81E69ED1E7BBDAC00C23129 /* UIScrollView+QMUI.swift */; };
		D81E69F01E7BC8D800C23129 /* QMUITableViewProtocols.swift in Sources */ = {isa = PBXBuildFile; fileRef = D81E69EF1E7BC8D800C23129 /* QMUITableViewProtocols.swift */; };
		D81E69F21E7BCECB00C23129 /* QMUILabel.swift in Sources */ = {isa = PBXBuildFile; fileRef = D81E69F11E7BCECB00C23129 /* QMUILabel.swift */; };
		D81E69F51E7D54D500C23129 /* DispatchQueue+QMUI.swift in Sources */ = {isa = PBXBuildFile; fileRef = D81E69F41E7D54D500C23129 /* DispatchQueue+QMUI.swift */; };
		D831FC101E2E0017009CFB28 /* AppDelegate.swift in Sources */ = {isa = PBXBuildFile; fileRef = D831FC0F1E2E0017009CFB28 /* AppDelegate.swift */; };
		D831FC121E2E0017009CFB28 /* ViewController.swift in Sources */ = {isa = PBXBuildFile; fileRef = D831FC111E2E0017009CFB28 /* ViewController.swift */; };
		D831FC151E2E0017009CFB28 /* Main.storyboard in Resources */ = {isa = PBXBuildFile; fileRef = D831FC131E2E0017009CFB28 /* Main.storyboard */; };
		D831FC171E2E0017009CFB28 /* Assets.xcassets in Resources */ = {isa = PBXBuildFile; fileRef = D831FC161E2E0017009CFB28 /* Assets.xcassets */; };
		D831FC1A1E2E0017009CFB28 /* LaunchScreen.storyboard in Resources */ = {isa = PBXBuildFile; fileRef = D831FC181E2E0017009CFB28 /* LaunchScreen.storyboard */; };
		D831FC251E2E0017009CFB28 /* QMUI_swiftUITests.swift in Sources */ = {isa = PBXBuildFile; fileRef = D831FC241E2E0017009CFB28 /* QMUI_swiftUITests.swift */; };
		D831FC351E2E04E3009CFB28 /* QMUINavigationTitleView.swift in Sources */ = {isa = PBXBuildFile; fileRef = D831FC341E2E04E3009CFB28 /* QMUINavigationTitleView.swift */; };
		D831FC391E2E0591009CFB28 /* QMUICommonViewController.swift in Sources */ = {isa = PBXBuildFile; fileRef = D831FC381E2E0591009CFB28 /* QMUICommonViewController.swift */; };
		D831FC3C1E2E06C2009CFB28 /* QMUIConfigurationManager.swift in Sources */ = {isa = PBXBuildFile; fileRef = D831FC3B1E2E06C2009CFB28 /* QMUIConfigurationManager.swift */; };
		D831FC3F1E2E07EA009CFB28 /* UIColor+QMUI.swift in Sources */ = {isa = PBXBuildFile; fileRef = D831FC3E1E2E07EA009CFB28 /* UIColor+QMUI.swift */; };
		D831FC531E2E08DF009CFB28 /* Curry.swift in Sources */ = {isa = PBXBuildFile; fileRef = D831FC521E2E08DF009CFB28 /* Curry.swift */; };
		D831FC671E2E11FD009CFB28 /* UIFont+QMUI.swift in Sources */ = {isa = PBXBuildFile; fileRef = D831FC661E2E11FD009CFB28 /* UIFont+QMUI.swift */; };
		D831FC691E2E1DBA009CFB28 /* UIImage+QMUI.swift in Sources */ = {isa = PBXBuildFile; fileRef = D831FC681E2E1DBA009CFB28 /* UIImage+QMUI.swift */; };
		D831FC6B1E2E4710009CFB28 /* QMUIConfiguration.swift in Sources */ = {isa = PBXBuildFile; fileRef = D831FC6A1E2E4710009CFB28 /* QMUIConfiguration.swift */; };
		D831FC6D1E2E4BC2009CFB28 /* QMUIButton.swift in Sources */ = {isa = PBXBuildFile; fileRef = D831FC6C1E2E4BC2009CFB28 /* QMUIButton.swift */; };
		D831FC6F1E2E4F1B009CFB28 /* QMUICommonDefines.swift in Sources */ = {isa = PBXBuildFile; fileRef = D831FC6E1E2E4F1B009CFB28 /* QMUICommonDefines.swift */; };
		D831FC711E2E5018009CFB28 /* QMUITabBarViewController.swift in Sources */ = {isa = PBXBuildFile; fileRef = D831FC701E2E5018009CFB28 /* QMUITabBarViewController.swift */; };
		D83D41E91E4C332500CC083E /* NSObject+QMUI.swift in Sources */ = {isa = PBXBuildFile; fileRef = D83D41E81E4C332500CC083E /* NSObject+QMUI.swift */; };
		D83D41EB1E4C3C2100CC083E /* QMUIHelper.swift in Sources */ = {isa = PBXBuildFile; fileRef = D83D41EA1E4C3C2100CC083E /* QMUIHelper.swift */; };
		D83D41ED1E4C4F0A00CC083E /* QMUICommonTableViewController.swift in Sources */ = {isa = PBXBuildFile; fileRef = D83D41EC1E4C4F0A00CC083E /* QMUICommonTableViewController.swift */; };
		D83D41EF1E4C4F3200CC083E /* QMUIOrderedDictionary.swift in Sources */ = {isa = PBXBuildFile; fileRef = D83D41EE1E4C4F3200CC083E /* QMUIOrderedDictionary.swift */; };
		D83D41F11E4C51FD00CC083E /* QMUITableView.swift in Sources */ = {isa = PBXBuildFile; fileRef = D83D41F01E4C51FD00CC083E /* QMUITableView.swift */; };
		D83D41F31E4C548D00CC083E /* QMUISearchControllerDelegate.swift in Sources */ = {isa = PBXBuildFile; fileRef = D83D41F21E4C548D00CC083E /* QMUISearchControllerDelegate.swift */; };
		D83D41F51E4C553E00CC083E /* QMUISearchController.swift in Sources */ = {isa = PBXBuildFile; fileRef = D83D41F41E4C553E00CC083E /* QMUISearchController.swift */; };
		D869486F1E4870C2003F3EFE /* UINavigationController+QMUI.swift in Sources */ = {isa = PBXBuildFile; fileRef = D869486E1E4870C2003F3EFE /* UINavigationController+QMUI.swift */; };
		D86AAA1A1EB0D104001B1398 /* UIBezierPath+QMUI.swift in Sources */ = {isa = PBXBuildFile; fileRef = D86AAA191EB0D104001B1398 /* UIBezierPath+QMUI.swift */; };
/* End PBXBuildFile section */

/* Begin PBXContainerItemProxy section */
		D831FC211E2E0017009CFB28 /* PBXContainerItemProxy */ = {
			isa = PBXContainerItemProxy;
			containerPortal = D831FC041E2E0017009CFB28 /* Project object */;
			proxyType = 1;
			remoteGlobalIDString = D831FC0B1E2E0017009CFB28;
			remoteInfo = QMUI.swift;
		};
/* End PBXContainerItemProxy section */

/* Begin PBXFileReference section */
		D8125B2E1E35E3BA00FE210A /* QMUIEmptyView.swift */ = {isa = PBXFileReference; fileEncoding = 4; lastKnownFileType = sourcecode.swift; path = QMUIEmptyView.swift; sourceTree = "<group>"; };
		D8125B301E35ECD600FE210A /* QMUINavigationController.swift */ = {isa = PBXFileReference; fileEncoding = 4; lastKnownFileType = sourcecode.swift; path = QMUINavigationController.swift; sourceTree = "<group>"; };
		D812CF211E9F05EE00066344 /* NSMutableParagraphStyle+QMUI.swift */ = {isa = PBXFileReference; fileEncoding = 4; lastKnownFileType = sourcecode.swift; path = "NSMutableParagraphStyle+QMUI.swift"; sourceTree = "<group>"; };
		D812CF7E1E9FB07C00066344 /* String+QMUI.swift */ = {isa = PBXFileReference; fileEncoding = 4; lastKnownFileType = sourcecode.swift; path = "String+QMUI.swift"; sourceTree = "<group>"; };
		D814B2651E9D121D0000B60C /* UIActivityIndicatorView+QMUI.swift */ = {isa = PBXFileReference; fileEncoding = 4; lastKnownFileType = sourcecode.swift; path = "UIActivityIndicatorView+QMUI.swift"; sourceTree = "<group>"; };
		D814B29C1E9E681E0000B60C /* UIControl+QMUI.swift */ = {isa = PBXFileReference; fileEncoding = 4; lastKnownFileType = sourcecode.swift; path = "UIControl+QMUI.swift"; sourceTree = "<group>"; };
		D8198B1F1E81605B00AC98DB /* UIViewController+QMUI.swift */ = {isa = PBXFileReference; fileEncoding = 4; lastKnownFileType = sourcecode.swift; path = "UIViewController+QMUI.swift"; sourceTree = "<group>"; };
		D81E69EB1E7BBB3100C23129 /* UITableView+QMUI.swift */ = {isa = PBXFileReference; fileEncoding = 4; lastKnownFileType = sourcecode.swift; path = "UITableView+QMUI.swift"; sourceTree = "<group>"; };
		D81E69ED1E7BBDAC00C23129 /* UIScrollView+QMUI.swift */ = {isa = PBXFileReference; fileEncoding = 4; lastKnownFileType = sourcecode.swift; path = "UIScrollView+QMUI.swift"; sourceTree = "<group>"; };
		D81E69EF1E7BC8D800C23129 /* QMUITableViewProtocols.swift */ = {isa = PBXFileReference; fileEncoding = 4; lastKnownFileType = sourcecode.swift; path = QMUITableViewProtocols.swift; sourceTree = "<group>"; };
		D81E69F11E7BCECB00C23129 /* QMUILabel.swift */ = {isa = PBXFileReference; fileEncoding = 4; lastKnownFileType = sourcecode.swift; path = QMUILabel.swift; sourceTree = "<group>"; };
		D81E69F41E7D54D500C23129 /* DispatchQueue+QMUI.swift */ = {isa = PBXFileReference; fileEncoding = 4; lastKnownFileType = sourcecode.swift; path = "DispatchQueue+QMUI.swift"; sourceTree = "<group>"; };
		D831FC0C1E2E0017009CFB28 /* QMUI.swift.app */ = {isa = PBXFileReference; explicitFileType = wrapper.application; includeInIndex = 0; path = QMUI.swift.app; sourceTree = BUILT_PRODUCTS_DIR; };
		D831FC0F1E2E0017009CFB28 /* AppDelegate.swift */ = {isa = PBXFileReference; lastKnownFileType = sourcecode.swift; path = AppDelegate.swift; sourceTree = "<group>"; };
		D831FC111E2E0017009CFB28 /* ViewController.swift */ = {isa = PBXFileReference; lastKnownFileType = sourcecode.swift; path = ViewController.swift; sourceTree = "<group>"; };
		D831FC141E2E0017009CFB28 /* Base */ = {isa = PBXFileReference; lastKnownFileType = file.storyboard; name = Base; path = Base.lproj/Main.storyboard; sourceTree = "<group>"; };
		D831FC161E2E0017009CFB28 /* Assets.xcassets */ = {isa = PBXFileReference; lastKnownFileType = folder.assetcatalog; path = Assets.xcassets; sourceTree = "<group>"; };
		D831FC191E2E0017009CFB28 /* Base */ = {isa = PBXFileReference; lastKnownFileType = file.storyboard; name = Base; path = Base.lproj/LaunchScreen.storyboard; sourceTree = "<group>"; };
		D831FC1B1E2E0017009CFB28 /* Info.plist */ = {isa = PBXFileReference; lastKnownFileType = text.plist.xml; path = Info.plist; sourceTree = "<group>"; };
		D831FC201E2E0017009CFB28 /* QMUI.swiftUITests.xctest */ = {isa = PBXFileReference; explicitFileType = wrapper.cfbundle; includeInIndex = 0; path = QMUI.swiftUITests.xctest; sourceTree = BUILT_PRODUCTS_DIR; };
		D831FC241E2E0017009CFB28 /* QMUI_swiftUITests.swift */ = {isa = PBXFileReference; lastKnownFileType = sourcecode.swift; path = QMUI_swiftUITests.swift; sourceTree = "<group>"; };
		D831FC261E2E0017009CFB28 /* Info.plist */ = {isa = PBXFileReference; lastKnownFileType = text.plist.xml; path = Info.plist; sourceTree = "<group>"; };
		D831FC341E2E04E3009CFB28 /* QMUINavigationTitleView.swift */ = {isa = PBXFileReference; fileEncoding = 4; lastKnownFileType = sourcecode.swift; path = QMUINavigationTitleView.swift; sourceTree = "<group>"; };
		D831FC361E2E0500009CFB28 /* Bridging.h */ = {isa = PBXFileReference; lastKnownFileType = sourcecode.c.h; path = Bridging.h; sourceTree = "<group>"; };
		D831FC381E2E0591009CFB28 /* QMUICommonViewController.swift */ = {isa = PBXFileReference; fileEncoding = 4; lastKnownFileType = sourcecode.swift; path = QMUICommonViewController.swift; sourceTree = "<group>"; };
		D831FC3B1E2E06C2009CFB28 /* QMUIConfigurationManager.swift */ = {isa = PBXFileReference; fileEncoding = 4; lastKnownFileType = sourcecode.swift; path = QMUIConfigurationManager.swift; sourceTree = "<group>"; };
		D831FC3E1E2E07EA009CFB28 /* UIColor+QMUI.swift */ = {isa = PBXFileReference; fileEncoding = 4; lastKnownFileType = sourcecode.swift; path = "UIColor+QMUI.swift"; sourceTree = "<group>"; };
		D831FC521E2E08DF009CFB28 /* Curry.swift */ = {isa = PBXFileReference; fileEncoding = 4; lastKnownFileType = sourcecode.swift; path = Curry.swift; sourceTree = "<group>"; };
		D831FC661E2E11FD009CFB28 /* UIFont+QMUI.swift */ = {isa = PBXFileReference; fileEncoding = 4; lastKnownFileType = sourcecode.swift; path = "UIFont+QMUI.swift"; sourceTree = "<group>"; };
		D831FC681E2E1DBA009CFB28 /* UIImage+QMUI.swift */ = {isa = PBXFileReference; fileEncoding = 4; lastKnownFileType = sourcecode.swift; path = "UIImage+QMUI.swift"; sourceTree = "<group>"; };
		D831FC6A1E2E4710009CFB28 /* QMUIConfiguration.swift */ = {isa = PBXFileReference; fileEncoding = 4; lastKnownFileType = sourcecode.swift; path = QMUIConfiguration.swift; sourceTree = "<group>"; };
		D831FC6C1E2E4BC2009CFB28 /* QMUIButton.swift */ = {isa = PBXFileReference; fileEncoding = 4; lastKnownFileType = sourcecode.swift; path = QMUIButton.swift; sourceTree = "<group>"; };
		D831FC6E1E2E4F1B009CFB28 /* QMUICommonDefines.swift */ = {isa = PBXFileReference; fileEncoding = 4; lastKnownFileType = sourcecode.swift; path = QMUICommonDefines.swift; sourceTree = "<group>"; };
		D831FC701E2E5018009CFB28 /* QMUITabBarViewController.swift */ = {isa = PBXFileReference; fileEncoding = 4; lastKnownFileType = sourcecode.swift; name = QMUITabBarViewController.swift; path = QMUI.swift/QMUIKit/QMUITabBarViewController.swift; sourceTree = SOURCE_ROOT; };
		D83D41E81E4C332500CC083E /* NSObject+QMUI.swift */ = {isa = PBXFileReference; fileEncoding = 4; lastKnownFileType = sourcecode.swift; path = "NSObject+QMUI.swift"; sourceTree = "<group>"; };
		D83D41EA1E4C3C2100CC083E /* QMUIHelper.swift */ = {isa = PBXFileReference; fileEncoding = 4; lastKnownFileType = sourcecode.swift; path = QMUIHelper.swift; sourceTree = "<group>"; };
		D83D41EC1E4C4F0A00CC083E /* QMUICommonTableViewController.swift */ = {isa = PBXFileReference; fileEncoding = 4; lastKnownFileType = sourcecode.swift; path = QMUICommonTableViewController.swift; sourceTree = "<group>"; };
		D83D41EE1E4C4F3200CC083E /* QMUIOrderedDictionary.swift */ = {isa = PBXFileReference; fileEncoding = 4; lastKnownFileType = sourcecode.swift; path = QMUIOrderedDictionary.swift; sourceTree = "<group>"; };
		D83D41F01E4C51FD00CC083E /* QMUITableView.swift */ = {isa = PBXFileReference; fileEncoding = 4; lastKnownFileType = sourcecode.swift; path = QMUITableView.swift; sourceTree = "<group>"; };
		D83D41F21E4C548D00CC083E /* QMUISearchControllerDelegate.swift */ = {isa = PBXFileReference; fileEncoding = 4; lastKnownFileType = sourcecode.swift; path = QMUISearchControllerDelegate.swift; sourceTree = "<group>"; };
		D83D41F41E4C553E00CC083E /* QMUISearchController.swift */ = {isa = PBXFileReference; fileEncoding = 4; lastKnownFileType = sourcecode.swift; path = QMUISearchController.swift; sourceTree = "<group>"; };
		D869486E1E4870C2003F3EFE /* UINavigationController+QMUI.swift */ = {isa = PBXFileReference; fileEncoding = 4; lastKnownFileType = sourcecode.swift; path = "UINavigationController+QMUI.swift"; sourceTree = "<group>"; };
		D86AAA191EB0D104001B1398 /* UIBezierPath+QMUI.swift */ = {isa = PBXFileReference; fileEncoding = 4; lastKnownFileType = sourcecode.swift; path = "UIBezierPath+QMUI.swift"; sourceTree = "<group>"; };
/* End PBXFileReference section */

/* Begin PBXFrameworksBuildPhase section */
		D831FC091E2E0017009CFB28 /* Frameworks */ = {
			isa = PBXFrameworksBuildPhase;
			buildActionMask = 2147483647;
			files = (
			);
			runOnlyForDeploymentPostprocessing = 0;
		};
		D831FC1D1E2E0017009CFB28 /* Frameworks */ = {
			isa = PBXFrameworksBuildPhase;
			buildActionMask = 2147483647;
			files = (
			);
			runOnlyForDeploymentPostprocessing = 0;
		};
/* End PBXFrameworksBuildPhase section */

/* Begin PBXGroup section */
		D831FC031E2E0017009CFB28 = {
			isa = PBXGroup;
			children = (
				D831FC0E1E2E0017009CFB28 /* QMUI.swift */,
				D831FC231E2E0017009CFB28 /* QMUI.swiftUITests */,
				D831FC0D1E2E0017009CFB28 /* Products */,
			);
			sourceTree = "<group>";
		};
		D831FC0D1E2E0017009CFB28 /* Products */ = {
			isa = PBXGroup;
			children = (
				D831FC0C1E2E0017009CFB28 /* QMUI.swift.app */,
				D831FC201E2E0017009CFB28 /* QMUI.swiftUITests.xctest */,
			);
			name = Products;
			sourceTree = "<group>";
		};
		D831FC0E1E2E0017009CFB28 /* QMUI.swift */ = {
			isa = PBXGroup;
			children = (
				D831FC301E2E01D1009CFB28 /* QMUIKit */,
				D831FC0F1E2E0017009CFB28 /* AppDelegate.swift */,
				D831FC111E2E0017009CFB28 /* ViewController.swift */,
				D831FC131E2E0017009CFB28 /* Main.storyboard */,
				D831FC161E2E0017009CFB28 /* Assets.xcassets */,
				D831FC181E2E0017009CFB28 /* LaunchScreen.storyboard */,
				D831FC1B1E2E0017009CFB28 /* Info.plist */,
			);
			path = QMUI.swift;
			sourceTree = "<group>";
		};
		D831FC231E2E0017009CFB28 /* QMUI.swiftUITests */ = {
			isa = PBXGroup;
			children = (
				D831FC241E2E0017009CFB28 /* QMUI_swiftUITests.swift */,
				D831FC261E2E0017009CFB28 /* Info.plist */,
			);
			path = QMUI.swiftUITests;
			sourceTree = "<group>";
		};
		D831FC301E2E01D1009CFB28 /* QMUIKit */ = {
			isa = PBXGroup;
			children = (
				D831FC3D1E2E07C1009CFB28 /* UIKitExtensions */,
				D831FC3A1E2E06A8009CFB28 /* UICommon */,
				D831FC371E2E056F009CFB28 /* UIMainFrame */,
				D831FC331E2E04BA009CFB28 /* UIComponents */,
				D831FC361E2E0500009CFB28 /* Bridging.h */,
			);
			path = QMUIKit;
			sourceTree = "<group>";
		};
		D831FC331E2E04BA009CFB28 /* UIComponents */ = {
			isa = PBXGroup;
			children = (
				D831FC341E2E04E3009CFB28 /* QMUINavigationTitleView.swift */,
				D8125B2E1E35E3BA00FE210A /* QMUIEmptyView.swift */,
				D83D41EE1E4C4F3200CC083E /* QMUIOrderedDictionary.swift */,
			);
			path = UIComponents;
			sourceTree = "<group>";
		};
		D831FC371E2E056F009CFB28 /* UIMainFrame */ = {
			isa = PBXGroup;
			children = (
				D831FC381E2E0591009CFB28 /* QMUICommonViewController.swift */,
				D831FC701E2E5018009CFB28 /* QMUITabBarViewController.swift */,
				D8125B301E35ECD600FE210A /* QMUINavigationController.swift */,
				D83D41EC1E4C4F0A00CC083E /* QMUICommonTableViewController.swift */,
			);
			path = UIMainFrame;
			sourceTree = "<group>";
		};
		D831FC3A1E2E06A8009CFB28 /* UICommon */ = {
			isa = PBXGroup;
			children = (
				D831FC521E2E08DF009CFB28 /* Curry.swift */,
				D831FC6A1E2E4710009CFB28 /* QMUIConfiguration.swift */,
				D831FC3B1E2E06C2009CFB28 /* QMUIConfigurationManager.swift */,
				D831FC6E1E2E4F1B009CFB28 /* QMUICommonDefines.swift */,
				D83D41EA1E4C3C2100CC083E /* QMUIHelper.swift */,
			);
			path = UICommon;
			sourceTree = "<group>";
		};
		D831FC3D1E2E07C1009CFB28 /* UIKitExtensions */ = {
			isa = PBXGroup;
			children = (
				D831FC3E1E2E07EA009CFB28 /* UIColor+QMUI.swift */,
				D831FC661E2E11FD009CFB28 /* UIFont+QMUI.swift */,
				D831FC681E2E1DBA009CFB28 /* UIImage+QMUI.swift */,
				D831FC6C1E2E4BC2009CFB28 /* QMUIButton.swift */,
				D869486E1E4870C2003F3EFE /* UINavigationController+QMUI.swift */,
				D83D41E81E4C332500CC083E /* NSObject+QMUI.swift */,
				D83D41F01E4C51FD00CC083E /* QMUITableView.swift */,
				D83D41F21E4C548D00CC083E /* QMUISearchControllerDelegate.swift */,
				D83D41F41E4C553E00CC083E /* QMUISearchController.swift */,
				D81E69EB1E7BBB3100C23129 /* UITableView+QMUI.swift */,
				D81E69ED1E7BBDAC00C23129 /* UIScrollView+QMUI.swift */,
				D81E69EF1E7BC8D800C23129 /* QMUITableViewProtocols.swift */,
				D81E69F11E7BCECB00C23129 /* QMUILabel.swift */,
				D81E69F41E7D54D500C23129 /* DispatchQueue+QMUI.swift */,
				D8198B1F1E81605B00AC98DB /* UIViewController+QMUI.swift */,
				D814B2651E9D121D0000B60C /* UIActivityIndicatorView+QMUI.swift */,
				D814B29C1E9E681E0000B60C /* UIControl+QMUI.swift */,
				D812CF211E9F05EE00066344 /* NSMutableParagraphStyle+QMUI.swift */,
				D812CF7E1E9FB07C00066344 /* String+QMUI.swift */,
				D86AAA191EB0D104001B1398 /* UIBezierPath+QMUI.swift */,
			);
			path = UIKitExtensions;
			sourceTree = "<group>";
		};
/* End PBXGroup section */

/* Begin PBXNativeTarget section */
		D831FC0B1E2E0017009CFB28 /* QMUI.swift */ = {
			isa = PBXNativeTarget;
			buildConfigurationList = D831FC291E2E0017009CFB28 /* Build configuration list for PBXNativeTarget "QMUI.swift" */;
			buildPhases = (
				D831FC081E2E0017009CFB28 /* Sources */,
				D831FC091E2E0017009CFB28 /* Frameworks */,
				D831FC0A1E2E0017009CFB28 /* Resources */,
			);
			buildRules = (
			);
			dependencies = (
			);
			name = QMUI.swift;
			productName = QMUI.swift;
			productReference = D831FC0C1E2E0017009CFB28 /* QMUI.swift.app */;
			productType = "com.apple.product-type.application";
		};
		D831FC1F1E2E0017009CFB28 /* QMUI.swiftUITests */ = {
			isa = PBXNativeTarget;
			buildConfigurationList = D831FC2C1E2E0017009CFB28 /* Build configuration list for PBXNativeTarget "QMUI.swiftUITests" */;
			buildPhases = (
				D831FC1C1E2E0017009CFB28 /* Sources */,
				D831FC1D1E2E0017009CFB28 /* Frameworks */,
				D831FC1E1E2E0017009CFB28 /* Resources */,
			);
			buildRules = (
			);
			dependencies = (
				D831FC221E2E0017009CFB28 /* PBXTargetDependency */,
			);
			name = QMUI.swiftUITests;
			productName = QMUI.swiftUITests;
			productReference = D831FC201E2E0017009CFB28 /* QMUI.swiftUITests.xctest */;
			productType = "com.apple.product-type.bundle.ui-testing";
		};
/* End PBXNativeTarget section */

/* Begin PBXProject section */
		D831FC041E2E0017009CFB28 /* Project object */ = {
			isa = PBXProject;
			attributes = {
				LastSwiftUpdateCheck = 0820;
				LastUpgradeCheck = 0820;
				ORGANIZATIONNAME = "伯驹 黄";
				TargetAttributes = {
					D831FC0B1E2E0017009CFB28 = {
						CreatedOnToolsVersion = 8.2.1;
						ProvisioningStyle = Automatic;
					};
					D831FC1F1E2E0017009CFB28 = {
						CreatedOnToolsVersion = 8.2.1;
						ProvisioningStyle = Automatic;
						TestTargetID = D831FC0B1E2E0017009CFB28;
					};
				};
			};
			buildConfigurationList = D831FC071E2E0017009CFB28 /* Build configuration list for PBXProject "QMUI.swift" */;
			compatibilityVersion = "Xcode 3.2";
			developmentRegion = English;
			hasScannedForEncodings = 0;
			knownRegions = (
				en,
				Base,
			);
			mainGroup = D831FC031E2E0017009CFB28;
			productRefGroup = D831FC0D1E2E0017009CFB28 /* Products */;
			projectDirPath = "";
			projectRoot = "";
			targets = (
				D831FC0B1E2E0017009CFB28 /* QMUI.swift */,
				D831FC1F1E2E0017009CFB28 /* QMUI.swiftUITests */,
			);
		};
/* End PBXProject section */

/* Begin PBXResourcesBuildPhase section */
		D831FC0A1E2E0017009CFB28 /* Resources */ = {
			isa = PBXResourcesBuildPhase;
			buildActionMask = 2147483647;
			files = (
				D831FC1A1E2E0017009CFB28 /* LaunchScreen.storyboard in Resources */,
				D831FC171E2E0017009CFB28 /* Assets.xcassets in Resources */,
				D831FC151E2E0017009CFB28 /* Main.storyboard in Resources */,
			);
			runOnlyForDeploymentPostprocessing = 0;
		};
		D831FC1E1E2E0017009CFB28 /* Resources */ = {
			isa = PBXResourcesBuildPhase;
			buildActionMask = 2147483647;
			files = (
			);
			runOnlyForDeploymentPostprocessing = 0;
		};
/* End PBXResourcesBuildPhase section */

/* Begin PBXSourcesBuildPhase section */
		D831FC081E2E0017009CFB28 /* Sources */ = {
			isa = PBXSourcesBuildPhase;
			buildActionMask = 2147483647;
			files = (
				D831FC671E2E11FD009CFB28 /* UIFont+QMUI.swift in Sources */,
				D86AAA1A1EB0D104001B1398 /* UIBezierPath+QMUI.swift in Sources */,
				D81E69EC1E7BBB3100C23129 /* UITableView+QMUI.swift in Sources */,
				D83D41EF1E4C4F3200CC083E /* QMUIOrderedDictionary.swift in Sources */,
				D81E69F51E7D54D500C23129 /* DispatchQueue+QMUI.swift in Sources */,
				D81E69F01E7BC8D800C23129 /* QMUITableViewProtocols.swift in Sources */,
				D831FC121E2E0017009CFB28 /* ViewController.swift in Sources */,
				D8198B201E81605B00AC98DB /* UIViewController+QMUI.swift in Sources */,
				D83D41F11E4C51FD00CC083E /* QMUITableView.swift in Sources */,
				D8125B2F1E35E3BA00FE210A /* QMUIEmptyView.swift in Sources */,
				D83D41ED1E4C4F0A00CC083E /* QMUICommonTableViewController.swift in Sources */,
				D831FC3F1E2E07EA009CFB28 /* UIColor+QMUI.swift in Sources */,
				D83D41E91E4C332500CC083E /* NSObject+QMUI.swift in Sources */,
				D831FC391E2E0591009CFB28 /* QMUICommonViewController.swift in Sources */,
				D831FC3C1E2E06C2009CFB28 /* QMUIConfigurationManager.swift in Sources */,
				D812CF221E9F05EE00066344 /* NSMutableParagraphStyle+QMUI.swift in Sources */,
				D814B29D1E9E681E0000B60C /* UIControl+QMUI.swift in Sources */,
				D8125B311E35ECD600FE210A /* QMUINavigationController.swift in Sources */,
				D831FC531E2E08DF009CFB28 /* Curry.swift in Sources */,
				D83D41F31E4C548D00CC083E /* QMUISearchControllerDelegate.swift in Sources */,
				D83D41F51E4C553E00CC083E /* QMUISearchController.swift in Sources */,
				D812CF7F1E9FB07C00066344 /* String+QMUI.swift in Sources */,
				D831FC711E2E5018009CFB28 /* QMUITabBarViewController.swift in Sources */,
				D831FC6B1E2E4710009CFB28 /* QMUIConfiguration.swift in Sources */,
				D831FC351E2E04E3009CFB28 /* QMUINavigationTitleView.swift in Sources */,
				D831FC691E2E1DBA009CFB28 /* UIImage+QMUI.swift in Sources */,
				D831FC6F1E2E4F1B009CFB28 /* QMUICommonDefines.swift in Sources */,
				D831FC101E2E0017009CFB28 /* AppDelegate.swift in Sources */,
				D81E69EE1E7BBDAC00C23129 /* UIScrollView+QMUI.swift in Sources */,
				D81E69F21E7BCECB00C23129 /* QMUILabel.swift in Sources */,
				D831FC6D1E2E4BC2009CFB28 /* QMUIButton.swift in Sources */,
				D869486F1E4870C2003F3EFE /* UINavigationController+QMUI.swift in Sources */,
				D83D41EB1E4C3C2100CC083E /* QMUIHelper.swift in Sources */,
				D814B2661E9D121D0000B60C /* UIActivityIndicatorView+QMUI.swift in Sources */,
			);
			runOnlyForDeploymentPostprocessing = 0;
		};
		D831FC1C1E2E0017009CFB28 /* Sources */ = {
			isa = PBXSourcesBuildPhase;
			buildActionMask = 2147483647;
			files = (
				D831FC251E2E0017009CFB28 /* QMUI_swiftUITests.swift in Sources */,
			);
			runOnlyForDeploymentPostprocessing = 0;
		};
/* End PBXSourcesBuildPhase section */

/* Begin PBXTargetDependency section */
		D831FC221E2E0017009CFB28 /* PBXTargetDependency */ = {
			isa = PBXTargetDependency;
			target = D831FC0B1E2E0017009CFB28 /* QMUI.swift */;
			targetProxy = D831FC211E2E0017009CFB28 /* PBXContainerItemProxy */;
		};
/* End PBXTargetDependency section */

/* Begin PBXVariantGroup section */
		D831FC131E2E0017009CFB28 /* Main.storyboard */ = {
			isa = PBXVariantGroup;
			children = (
				D831FC141E2E0017009CFB28 /* Base */,
			);
			name = Main.storyboard;
			sourceTree = "<group>";
		};
		D831FC181E2E0017009CFB28 /* LaunchScreen.storyboard */ = {
			isa = PBXVariantGroup;
			children = (
				D831FC191E2E0017009CFB28 /* Base */,
			);
			name = LaunchScreen.storyboard;
			sourceTree = "<group>";
		};
/* End PBXVariantGroup section */

/* Begin XCBuildConfiguration section */
		D831FC271E2E0017009CFB28 /* Debug */ = {
			isa = XCBuildConfiguration;
			buildSettings = {
				ALWAYS_SEARCH_USER_PATHS = NO;
				CLANG_ANALYZER_NONNULL = YES;
				CLANG_CXX_LANGUAGE_STANDARD = "gnu++0x";
				CLANG_CXX_LIBRARY = "libc++";
				CLANG_ENABLE_MODULES = YES;
				CLANG_ENABLE_OBJC_ARC = YES;
				CLANG_WARN_BOOL_CONVERSION = YES;
				CLANG_WARN_CONSTANT_CONVERSION = YES;
				CLANG_WARN_DIRECT_OBJC_ISA_USAGE = YES_ERROR;
				CLANG_WARN_DOCUMENTATION_COMMENTS = YES;
				CLANG_WARN_EMPTY_BODY = YES;
				CLANG_WARN_ENUM_CONVERSION = YES;
				CLANG_WARN_INFINITE_RECURSION = YES;
				CLANG_WARN_INT_CONVERSION = YES;
				CLANG_WARN_OBJC_ROOT_CLASS = YES_ERROR;
				CLANG_WARN_SUSPICIOUS_MOVE = YES;
				CLANG_WARN_UNREACHABLE_CODE = YES;
				CLANG_WARN__DUPLICATE_METHOD_MATCH = YES;
				"CODE_SIGN_IDENTITY[sdk=iphoneos*]" = "iPhone Developer";
				COPY_PHASE_STRIP = NO;
				DEBUG_INFORMATION_FORMAT = dwarf;
				ENABLE_STRICT_OBJC_MSGSEND = YES;
				ENABLE_TESTABILITY = YES;
				GCC_C_LANGUAGE_STANDARD = gnu99;
				GCC_DYNAMIC_NO_PIC = NO;
				GCC_NO_COMMON_BLOCKS = YES;
				GCC_OPTIMIZATION_LEVEL = 0;
				GCC_PREPROCESSOR_DEFINITIONS = (
					"DEBUG=1",
					"$(inherited)",
				);
				GCC_WARN_64_TO_32_BIT_CONVERSION = YES;
				GCC_WARN_ABOUT_RETURN_TYPE = YES_ERROR;
				GCC_WARN_UNDECLARED_SELECTOR = YES;
				GCC_WARN_UNINITIALIZED_AUTOS = YES_AGGRESSIVE;
				GCC_WARN_UNUSED_FUNCTION = YES;
				GCC_WARN_UNUSED_VARIABLE = YES;
				IPHONEOS_DEPLOYMENT_TARGET = 10.2;
				MTL_ENABLE_DEBUG_INFO = YES;
				ONLY_ACTIVE_ARCH = YES;
				SDKROOT = iphoneos;
				SWIFT_ACTIVE_COMPILATION_CONDITIONS = DEBUG;
				SWIFT_OPTIMIZATION_LEVEL = "-Onone";
			};
			name = Debug;
		};
		D831FC281E2E0017009CFB28 /* Release */ = {
			isa = XCBuildConfiguration;
			buildSettings = {
				ALWAYS_SEARCH_USER_PATHS = NO;
				CLANG_ANALYZER_NONNULL = YES;
				CLANG_CXX_LANGUAGE_STANDARD = "gnu++0x";
				CLANG_CXX_LIBRARY = "libc++";
				CLANG_ENABLE_MODULES = YES;
				CLANG_ENABLE_OBJC_ARC = YES;
				CLANG_WARN_BOOL_CONVERSION = YES;
				CLANG_WARN_CONSTANT_CONVERSION = YES;
				CLANG_WARN_DIRECT_OBJC_ISA_USAGE = YES_ERROR;
				CLANG_WARN_DOCUMENTATION_COMMENTS = YES;
				CLANG_WARN_EMPTY_BODY = YES;
				CLANG_WARN_ENUM_CONVERSION = YES;
				CLANG_WARN_INFINITE_RECURSION = YES;
				CLANG_WARN_INT_CONVERSION = YES;
				CLANG_WARN_OBJC_ROOT_CLASS = YES_ERROR;
				CLANG_WARN_SUSPICIOUS_MOVE = YES;
				CLANG_WARN_UNREACHABLE_CODE = YES;
				CLANG_WARN__DUPLICATE_METHOD_MATCH = YES;
				"CODE_SIGN_IDENTITY[sdk=iphoneos*]" = "iPhone Developer";
				COPY_PHASE_STRIP = NO;
				DEBUG_INFORMATION_FORMAT = "dwarf-with-dsym";
				ENABLE_NS_ASSERTIONS = NO;
				ENABLE_STRICT_OBJC_MSGSEND = YES;
				GCC_C_LANGUAGE_STANDARD = gnu99;
				GCC_NO_COMMON_BLOCKS = YES;
				GCC_WARN_64_TO_32_BIT_CONVERSION = YES;
				GCC_WARN_ABOUT_RETURN_TYPE = YES_ERROR;
				GCC_WARN_UNDECLARED_SELECTOR = YES;
				GCC_WARN_UNINITIALIZED_AUTOS = YES_AGGRESSIVE;
				GCC_WARN_UNUSED_FUNCTION = YES;
				GCC_WARN_UNUSED_VARIABLE = YES;
				IPHONEOS_DEPLOYMENT_TARGET = 10.2;
				MTL_ENABLE_DEBUG_INFO = NO;
				SDKROOT = iphoneos;
				SWIFT_OPTIMIZATION_LEVEL = "-Owholemodule";
				VALIDATE_PRODUCT = YES;
			};
			name = Release;
		};
		D831FC2A1E2E0017009CFB28 /* Debug */ = {
			isa = XCBuildConfiguration;
			buildSettings = {
				ASSETCATALOG_COMPILER_APPICON_NAME = AppIcon;
				INFOPLIST_FILE = QMUI.swift/Info.plist;
				IPHONEOS_DEPLOYMENT_TARGET = 8.0;
				LD_RUNPATH_SEARCH_PATHS = "$(inherited) @executable_path/Frameworks";
				PRODUCT_BUNDLE_IDENTIFIER = "com.huangboju.QMUI-swift";
				PRODUCT_NAME = "$(TARGET_NAME)";
				SWIFT_OBJC_BRIDGING_HEADER = QMUI.swift/QMUIKit/Bridging.h;
				SWIFT_VERSION = 3.0;
			};
			name = Debug;
		};
		D831FC2B1E2E0017009CFB28 /* Release */ = {
			isa = XCBuildConfiguration;
			buildSettings = {
				ASSETCATALOG_COMPILER_APPICON_NAME = AppIcon;
				INFOPLIST_FILE = QMUI.swift/Info.plist;
				IPHONEOS_DEPLOYMENT_TARGET = 8.0;
				LD_RUNPATH_SEARCH_PATHS = "$(inherited) @executable_path/Frameworks";
				PRODUCT_BUNDLE_IDENTIFIER = "com.huangboju.QMUI-swift";
				PRODUCT_NAME = "$(TARGET_NAME)";
				SWIFT_OBJC_BRIDGING_HEADER = QMUI.swift/QMUIKit/Bridging.h;
				SWIFT_VERSION = 3.0;
			};
			name = Release;
		};
		D831FC2D1E2E0017009CFB28 /* Debug */ = {
			isa = XCBuildConfiguration;
			buildSettings = {
				ALWAYS_EMBED_SWIFT_STANDARD_LIBRARIES = YES;
				INFOPLIST_FILE = QMUI.swiftUITests/Info.plist;
				LD_RUNPATH_SEARCH_PATHS = "$(inherited) @executable_path/Frameworks @loader_path/Frameworks";
				PRODUCT_BUNDLE_IDENTIFIER = "com.huangboju.QMUI-swiftUITests";
				PRODUCT_NAME = "$(TARGET_NAME)";
				SWIFT_VERSION = 3.0;
				TEST_TARGET_NAME = QMUI.swift;
			};
			name = Debug;
		};
		D831FC2E1E2E0017009CFB28 /* Release */ = {
			isa = XCBuildConfiguration;
			buildSettings = {
				ALWAYS_EMBED_SWIFT_STANDARD_LIBRARIES = YES;
				INFOPLIST_FILE = QMUI.swiftUITests/Info.plist;
				LD_RUNPATH_SEARCH_PATHS = "$(inherited) @executable_path/Frameworks @loader_path/Frameworks";
				PRODUCT_BUNDLE_IDENTIFIER = "com.huangboju.QMUI-swiftUITests";
				PRODUCT_NAME = "$(TARGET_NAME)";
				SWIFT_VERSION = 3.0;
				TEST_TARGET_NAME = QMUI.swift;
			};
			name = Release;
		};
/* End XCBuildConfiguration section */

/* Begin XCConfigurationList section */
		D831FC071E2E0017009CFB28 /* Build configuration list for PBXProject "QMUI.swift" */ = {
			isa = XCConfigurationList;
			buildConfigurations = (
				D831FC271E2E0017009CFB28 /* Debug */,
				D831FC281E2E0017009CFB28 /* Release */,
			);
			defaultConfigurationIsVisible = 0;
			defaultConfigurationName = Release;
		};
		D831FC291E2E0017009CFB28 /* Build configuration list for PBXNativeTarget "QMUI.swift" */ = {
			isa = XCConfigurationList;
			buildConfigurations = (
				D831FC2A1E2E0017009CFB28 /* Debug */,
				D831FC2B1E2E0017009CFB28 /* Release */,
			);
			defaultConfigurationIsVisible = 0;
			defaultConfigurationName = Release;
		};
		D831FC2C1E2E0017009CFB28 /* Build configuration list for PBXNativeTarget "QMUI.swiftUITests" */ = {
			isa = XCConfigurationList;
			buildConfigurations = (
				D831FC2D1E2E0017009CFB28 /* Debug */,
				D831FC2E1E2E0017009CFB28 /* Release */,
			);
			defaultConfigurationIsVisible = 0;
			defaultConfigurationName = Release;
		};
/* End XCConfigurationList section */
	};
	rootObject = D831FC041E2E0017009CFB28 /* Project object */;
}
